
Microsoft Visual Studio Solution File, Format Version 11.00
# Visual Studio 2010
Project("{F184B08F-C81C-45F6-A57F-5ABD9991F28F}") = "Algorithme de Huffman", "Algorithme de Huffman\Algorithme de Huffman.vbproj", "{FC3ACCC8-5BC4-48F6-AB18-DDA9DD28A614}"
EndProject
Global
	GlobalSection(SolutionConfigurationPlatforms) = preSolution
		Debug|x86 = Debug|x86
		Release|x86 = Release|x86
	EndGlobalSection
	GlobalSection(ProjectConfigurationPlatforms) = postSolution
		{FC3ACCC8-5BC4-48F6-AB18-DDA9DD28A614}.Debug|x86.ActiveCfg = Debug|x86
		{FC3ACCC8-5BC4-48F6-AB18-DDA9DD28A614}.Debug|x86.Build.0 = Debug|x86
		{FC3ACCC8-5BC4-48F6-AB18-DDA9DD28A614}.Release|x86.ActiveCfg = Release|x86
		{FC3ACCC8-5BC4-48F6-AB18-DDA9DD28A614}.Release|x86.Build.0 = Release|x86
	EndGlobalSection
	GlobalSection(SolutionProperties) = preSolution
		HideSolutionNode = FALSE
	EndGlobalSection
EndGlobal
